// !$*UTF8*$!
{
	archiveVersion = 1;
	classes = {
	};
	objectVersion = 46;
	objects = {

/* Begin PBXBuildFile section */
		574CDC271A21560500EEB5C2 /* AppDelegate.swift in Sources */ = {isa = PBXBuildFile; fileRef = 574CDC261A21560500EEB5C2 /* AppDelegate.swift */; };
		574CDC291A21560500EEB5C2 /* FirstViewController.swift in Sources */ = {isa = PBXBuildFile; fileRef = 574CDC281A21560500EEB5C2 /* FirstViewController.swift */; };
		574CDC2B1A21560500EEB5C2 /* SecondViewController.swift in Sources */ = {isa = PBXBuildFile; fileRef = 574CDC2A1A21560500EEB5C2 /* SecondViewController.swift */; };
		574CDC2E1A21560500EEB5C2 /* Main.storyboard in Resources */ = {isa = PBXBuildFile; fileRef = 574CDC2C1A21560500EEB5C2 /* Main.storyboard */; };
		574CDC301A21560500EEB5C2 /* Images.xcassets in Resources */ = {isa = PBXBuildFile; fileRef = 574CDC2F1A21560500EEB5C2 /* Images.xcassets */; };
		574CDC331A21560500EEB5C2 /* LaunchScreen.xib in Resources */ = {isa = PBXBuildFile; fileRef = 574CDC311A21560500EEB5C2 /* LaunchScreen.xib */; };
		574CDC3F1A21560500EEB5C2 /* TadaimaTests.swift in Sources */ = {isa = PBXBuildFile; fileRef = 574CDC3E1A21560500EEB5C2 /* TadaimaTests.swift */; };
		574CDC491A21612E00EEB5C2 /* TadaimaManager.swift in Sources */ = {isa = PBXBuildFile; fileRef = 574CDC481A21612E00EEB5C2 /* TadaimaManager.swift */; };
		579C23331A22433100BCD2C2 /* Gimbal.framework in Frameworks */ = {isa = PBXBuildFile; fileRef = 579C23321A22433100BCD2C2 /* Gimbal.framework */; };
		579C23351A22438100BCD2C2 /* GimbalManager.swift in Sources */ = {isa = PBXBuildFile; fileRef = 579C23341A22438100BCD2C2 /* GimbalManager.swift */; };
		579C23381A22492A00BCD2C2 /* SystemConfiguration.framework in Frameworks */ = {isa = PBXBuildFile; fileRef = 579C23371A22492A00BCD2C2 /* SystemConfiguration.framework */; };
		579C233A1A224A7E00BCD2C2 /* CoreBluetooth.framework in Frameworks */ = {isa = PBXBuildFile; fileRef = 579C23391A224A7E00BCD2C2 /* CoreBluetooth.framework */; };
		579C233C1A224A8700BCD2C2 /* CoreLocation.framework in Frameworks */ = {isa = PBXBuildFile; fileRef = 579C233B1A224A8700BCD2C2 /* CoreLocation.framework */; };
		579C233E1A224A8E00BCD2C2 /* CoreData.framework in Frameworks */ = {isa = PBXBuildFile; fileRef = 579C233D1A224A8E00BCD2C2 /* CoreData.framework */; };
		579C23401A224A9600BCD2C2 /* libz.dylib in Frameworks */ = {isa = PBXBuildFile; fileRef = 579C233F1A224A9600BCD2C2 /* libz.dylib */; };
		579C23421A224A9F00BCD2C2 /* MapKit.framework in Frameworks */ = {isa = PBXBuildFile; fileRef = 579C23411A224A9F00BCD2C2 /* MapKit.framework */; };
		579C23441A224AAC00BCD2C2 /* Security.framework in Frameworks */ = {isa = PBXBuildFile; fileRef = 579C23431A224AAC00BCD2C2 /* Security.framework */; };
/* End PBXBuildFile section */

/* Begin PBXContainerItemProxy section */
		574CDC391A21560500EEB5C2 /* PBXContainerItemProxy */ = {
			isa = PBXContainerItemProxy;
			containerPortal = 574CDC191A21560500EEB5C2 /* Project object */;
			proxyType = 1;
			remoteGlobalIDString = 574CDC201A21560500EEB5C2;
			remoteInfo = Tadaima;
		};
/* End PBXContainerItemProxy section */

/* Begin PBXFileReference section */
		574CDC211A21560500EEB5C2 /* Tadaima.app */ = {isa = PBXFileReference; explicitFileType = wrapper.application; includeInIndex = 0; path = Tadaima.app; sourceTree = BUILT_PRODUCTS_DIR; };
		574CDC251A21560500EEB5C2 /* Info.plist */ = {isa = PBXFileReference; lastKnownFileType = text.plist.xml; path = Info.plist; sourceTree = "<group>"; };
		574CDC261A21560500EEB5C2 /* AppDelegate.swift */ = {isa = PBXFileReference; lastKnownFileType = sourcecode.swift; path = AppDelegate.swift; sourceTree = "<group>"; };
		574CDC281A21560500EEB5C2 /* FirstViewController.swift */ = {isa = PBXFileReference; lastKnownFileType = sourcecode.swift; path = FirstViewController.swift; sourceTree = "<group>"; };
		574CDC2A1A21560500EEB5C2 /* SecondViewController.swift */ = {isa = PBXFileReference; lastKnownFileType = sourcecode.swift; path = SecondViewController.swift; sourceTree = "<group>"; };
		574CDC2D1A21560500EEB5C2 /* Base */ = {isa = PBXFileReference; lastKnownFileType = file.storyboard; name = Base; path = Base.lproj/Main.storyboard; sourceTree = "<group>"; };
		574CDC2F1A21560500EEB5C2 /* Images.xcassets */ = {isa = PBXFileReference; lastKnownFileType = folder.assetcatalog; path = Images.xcassets; sourceTree = "<group>"; };
		574CDC321A21560500EEB5C2 /* Base */ = {isa = PBXFileReference; lastKnownFileType = file.xib; name = Base; path = Base.lproj/LaunchScreen.xib; sourceTree = "<group>"; };
		574CDC381A21560500EEB5C2 /* TadaimaTests.xctest */ = {isa = PBXFileReference; explicitFileType = wrapper.cfbundle; includeInIndex = 0; path = TadaimaTests.xctest; sourceTree = BUILT_PRODUCTS_DIR; };
		574CDC3D1A21560500EEB5C2 /* Info.plist */ = {isa = PBXFileReference; lastKnownFileType = text.plist.xml; path = Info.plist; sourceTree = "<group>"; };
		574CDC3E1A21560500EEB5C2 /* TadaimaTests.swift */ = {isa = PBXFileReference; lastKnownFileType = sourcecode.swift; path = TadaimaTests.swift; sourceTree = "<group>"; };
		574CDC481A21612E00EEB5C2 /* TadaimaManager.swift */ = {isa = PBXFileReference; fileEncoding = 4; lastKnownFileType = sourcecode.swift; path = TadaimaManager.swift; sourceTree = "<group>"; };
		579C23321A22433100BCD2C2 /* Gimbal.framework */ = {isa = PBXFileReference; lastKnownFileType = wrapper.framework; path = Gimbal.framework; sourceTree = "<group>"; };
		579C23341A22438100BCD2C2 /* GimbalManager.swift */ = {isa = PBXFileReference; fileEncoding = 4; lastKnownFileType = sourcecode.swift; path = GimbalManager.swift; sourceTree = "<group>"; };
		579C23361A2245BD00BCD2C2 /* Tadaima-Bridging-Header.h */ = {isa = PBXFileReference; fileEncoding = 4; lastKnownFileType = sourcecode.c.h; path = "Tadaima-Bridging-Header.h"; sourceTree = SOURCE_ROOT; };
		579C23371A22492A00BCD2C2 /* SystemConfiguration.framework */ = {isa = PBXFileReference; lastKnownFileType = wrapper.framework; name = SystemConfiguration.framework; path = System/Library/Frameworks/SystemConfiguration.framework; sourceTree = SDKROOT; };
		579C23391A224A7E00BCD2C2 /* CoreBluetooth.framework */ = {isa = PBXFileReference; lastKnownFileType = wrapper.framework; name = CoreBluetooth.framework; path = System/Library/Frameworks/CoreBluetooth.framework; sourceTree = SDKROOT; };
		579C233B1A224A8700BCD2C2 /* CoreLocation.framework */ = {isa = PBXFileReference; lastKnownFileType = wrapper.framework; name = CoreLocation.framework; path = System/Library/Frameworks/CoreLocation.framework; sourceTree = SDKROOT; };
		579C233D1A224A8E00BCD2C2 /* CoreData.framework */ = {isa = PBXFileReference; lastKnownFileType = wrapper.framework; name = CoreData.framework; path = System/Library/Frameworks/CoreData.framework; sourceTree = SDKROOT; };
		579C233F1A224A9600BCD2C2 /* libz.dylib */ = {isa = PBXFileReference; lastKnownFileType = "compiled.mach-o.dylib"; name = libz.dylib; path = usr/lib/libz.dylib; sourceTree = SDKROOT; };
		579C23411A224A9F00BCD2C2 /* MapKit.framework */ = {isa = PBXFileReference; lastKnownFileType = wrapper.framework; name = MapKit.framework; path = System/Library/Frameworks/MapKit.framework; sourceTree = SDKROOT; };
		579C23431A224AAC00BCD2C2 /* Security.framework */ = {isa = PBXFileReference; lastKnownFileType = wrapper.framework; name = Security.framework; path = System/Library/Frameworks/Security.framework; sourceTree = SDKROOT; };
/* End PBXFileReference section */

/* Begin PBXFrameworksBuildPhase section */
		574CDC1E1A21560500EEB5C2 /* Frameworks */ = {
			isa = PBXFrameworksBuildPhase;
			buildActionMask = 2147483647;
			files = (
				579C23441A224AAC00BCD2C2 /* Security.framework in Frameworks */,
				579C23421A224A9F00BCD2C2 /* MapKit.framework in Frameworks */,
				579C23401A224A9600BCD2C2 /* libz.dylib in Frameworks */,
				579C233E1A224A8E00BCD2C2 /* CoreData.framework in Frameworks */,
				579C233C1A224A8700BCD2C2 /* CoreLocation.framework in Frameworks */,
				579C233A1A224A7E00BCD2C2 /* CoreBluetooth.framework in Frameworks */,
				579C23381A22492A00BCD2C2 /* SystemConfiguration.framework in Frameworks */,
				579C23331A22433100BCD2C2 /* Gimbal.framework in Frameworks */,
			);
			runOnlyForDeploymentPostprocessing = 0;
		};
		574CDC351A21560500EEB5C2 /* Frameworks */ = {
			isa = PBXFrameworksBuildPhase;
			buildActionMask = 2147483647;
			files = (
			);
			runOnlyForDeploymentPostprocessing = 0;
		};
/* End PBXFrameworksBuildPhase section */

/* Begin PBXGroup section */
		574CDC181A21560500EEB5C2 = {
			isa = PBXGroup;
			children = (
				574CDC231A21560500EEB5C2 /* Tadaima */,
				574CDC3B1A21560500EEB5C2 /* TadaimaTests */,
				579C23451A224B2300BCD2C2 /* Frameworks */,
				574CDC221A21560500EEB5C2 /* Products */,
			);
			sourceTree = "<group>";
		};
		574CDC221A21560500EEB5C2 /* Products */ = {
			isa = PBXGroup;
			children = (
				574CDC211A21560500EEB5C2 /* Tadaima.app */,
				574CDC381A21560500EEB5C2 /* TadaimaTests.xctest */,
			);
			name = Products;
			sourceTree = "<group>";
		};
		574CDC231A21560500EEB5C2 /* Tadaima */ = {
			isa = PBXGroup;
			children = (
				574CDC261A21560500EEB5C2 /* AppDelegate.swift */,
				574CDC481A21612E00EEB5C2 /* TadaimaManager.swift */,
				579C23341A22438100BCD2C2 /* GimbalManager.swift */,
				574CDC281A21560500EEB5C2 /* FirstViewController.swift */,
				574CDC2A1A21560500EEB5C2 /* SecondViewController.swift */,
				579C23321A22433100BCD2C2 /* Gimbal.framework */,
				574CDC2C1A21560500EEB5C2 /* Main.storyboard */,
				574CDC2F1A21560500EEB5C2 /* Images.xcassets */,
				574CDC311A21560500EEB5C2 /* LaunchScreen.xib */,
				574CDC241A21560500EEB5C2 /* Supporting Files */,
			);
			path = Tadaima;
			sourceTree = "<group>";
		};
		574CDC241A21560500EEB5C2 /* Supporting Files */ = {
			isa = PBXGroup;
			children = (
				579C23361A2245BD00BCD2C2 /* Tadaima-Bridging-Header.h */,
				574CDC251A21560500EEB5C2 /* Info.plist */,
			);
			name = "Supporting Files";
			sourceTree = "<group>";
		};
		574CDC3B1A21560500EEB5C2 /* TadaimaTests */ = {
			isa = PBXGroup;
			children = (
				574CDC3E1A21560500EEB5C2 /* TadaimaTests.swift */,
				574CDC3C1A21560500EEB5C2 /* Supporting Files */,
			);
			path = TadaimaTests;
			sourceTree = "<group>";
		};
		574CDC3C1A21560500EEB5C2 /* Supporting Files */ = {
			isa = PBXGroup;
			children = (
				574CDC3D1A21560500EEB5C2 /* Info.plist */,
			);
			name = "Supporting Files";
			sourceTree = "<group>";
		};
		579C23451A224B2300BCD2C2 /* Frameworks */ = {
			isa = PBXGroup;
			children = (
				579C23431A224AAC00BCD2C2 /* Security.framework */,
				579C23411A224A9F00BCD2C2 /* MapKit.framework */,
				579C233F1A224A9600BCD2C2 /* libz.dylib */,
				579C233D1A224A8E00BCD2C2 /* CoreData.framework */,
				579C233B1A224A8700BCD2C2 /* CoreLocation.framework */,
				579C23391A224A7E00BCD2C2 /* CoreBluetooth.framework */,
				579C23371A22492A00BCD2C2 /* SystemConfiguration.framework */,
			);
			name = Frameworks;
			sourceTree = "<group>";
		};
/* End PBXGroup section */

/* Begin PBXNativeTarget section */
		574CDC201A21560500EEB5C2 /* Tadaima */ = {
			isa = PBXNativeTarget;
			buildConfigurationList = 574CDC421A21560500EEB5C2 /* Build configuration list for PBXNativeTarget "Tadaima" */;
			buildPhases = (
				574CDC1D1A21560500EEB5C2 /* Sources */,
				574CDC1E1A21560500EEB5C2 /* Frameworks */,
				574CDC1F1A21560500EEB5C2 /* Resources */,
			);
			buildRules = (
			);
			dependencies = (
			);
			name = Tadaima;
			productName = Tadaima;
			productReference = 574CDC211A21560500EEB5C2 /* Tadaima.app */;
			productType = "com.apple.product-type.application";
		};
		574CDC371A21560500EEB5C2 /* TadaimaTests */ = {
			isa = PBXNativeTarget;
			buildConfigurationList = 574CDC451A21560500EEB5C2 /* Build configuration list for PBXNativeTarget "TadaimaTests" */;
			buildPhases = (
				574CDC341A21560500EEB5C2 /* Sources */,
				574CDC351A21560500EEB5C2 /* Frameworks */,
				574CDC361A21560500EEB5C2 /* Resources */,
			);
			buildRules = (
			);
			dependencies = (
				574CDC3A1A21560500EEB5C2 /* PBXTargetDependency */,
			);
			name = TadaimaTests;
			productName = TadaimaTests;
			productReference = 574CDC381A21560500EEB5C2 /* TadaimaTests.xctest */;
			productType = "com.apple.product-type.bundle.unit-test";
		};
/* End PBXNativeTarget section */

/* Begin PBXProject section */
		574CDC191A21560500EEB5C2 /* Project object */ = {
			isa = PBXProject;
			attributes = {
				LastUpgradeCheck = 0610;
				ORGANIZATIONNAME = "Sekai No";
				TargetAttributes = {
					574CDC201A21560500EEB5C2 = {
						CreatedOnToolsVersion = 6.1;
					};
					574CDC371A21560500EEB5C2 = {
						CreatedOnToolsVersion = 6.1;
						TestTargetID = 574CDC201A21560500EEB5C2;
					};
				};
			};
			buildConfigurationList = 574CDC1C1A21560500EEB5C2 /* Build configuration list for PBXProject "Tadaima" */;
			compatibilityVersion = "Xcode 3.2";
			developmentRegion = English;
			hasScannedForEncodings = 0;
			knownRegions = (
				en,
				Base,
			);
			mainGroup = 574CDC181A21560500EEB5C2;
			productRefGroup = 574CDC221A21560500EEB5C2 /* Products */;
			projectDirPath = "";
			projectRoot = "";
			targets = (
				574CDC201A21560500EEB5C2 /* Tadaima */,
				574CDC371A21560500EEB5C2 /* TadaimaTests */,
			);
		};
/* End PBXProject section */

/* Begin PBXResourcesBuildPhase section */
		574CDC1F1A21560500EEB5C2 /* Resources */ = {
			isa = PBXResourcesBuildPhase;
			buildActionMask = 2147483647;
			files = (
				574CDC2E1A21560500EEB5C2 /* Main.storyboard in Resources */,
				574CDC331A21560500EEB5C2 /* LaunchScreen.xib in Resources */,
				574CDC301A21560500EEB5C2 /* Images.xcassets in Resources */,
			);
			runOnlyForDeploymentPostprocessing = 0;
		};
		574CDC361A21560500EEB5C2 /* Resources */ = {
			isa = PBXResourcesBuildPhase;
			buildActionMask = 2147483647;
			files = (
			);
			runOnlyForDeploymentPostprocessing = 0;
		};
/* End PBXResourcesBuildPhase section */

/* Begin PBXSourcesBuildPhase section */
		574CDC1D1A21560500EEB5C2 /* Sources */ = {
			isa = PBXSourcesBuildPhase;
			buildActionMask = 2147483647;
			files = (
				574CDC2B1A21560500EEB5C2 /* SecondViewController.swift in Sources */,
				574CDC271A21560500EEB5C2 /* AppDelegate.swift in Sources */,
				574CDC291A21560500EEB5C2 /* FirstViewController.swift in Sources */,
				579C23351A22438100BCD2C2 /* GimbalManager.swift in Sources */,
				574CDC491A21612E00EEB5C2 /* TadaimaManager.swift in Sources */,
			);
			runOnlyForDeploymentPostprocessing = 0;
		};
		574CDC341A21560500EEB5C2 /* Sources */ = {
			isa = PBXSourcesBuildPhase;
			buildActionMask = 2147483647;
			files = (
				574CDC3F1A21560500EEB5C2 /* TadaimaTests.swift in Sources */,
			);
			runOnlyForDeploymentPostprocessing = 0;
		};
/* End PBXSourcesBuildPhase section */

/* Begin PBXTargetDependency section */
		574CDC3A1A21560500EEB5C2 /* PBXTargetDependency */ = {
			isa = PBXTargetDependency;
			target = 574CDC201A21560500EEB5C2 /* Tadaima */;
			targetProxy = 574CDC391A21560500EEB5C2 /* PBXContainerItemProxy */;
		};
/* End PBXTargetDependency section */

/* Begin PBXVariantGroup section */
		574CDC2C1A21560500EEB5C2 /* Main.storyboard */ = {
			isa = PBXVariantGroup;
			children = (
				574CDC2D1A21560500EEB5C2 /* Base */,
			);
			name = Main.storyboard;
			sourceTree = "<group>";
		};
		574CDC311A21560500EEB5C2 /* LaunchScreen.xib */ = {
			isa = PBXVariantGroup;
			children = (
				574CDC321A21560500EEB5C2 /* Base */,
			);
			name = LaunchScreen.xib;
			sourceTree = "<group>";
		};
/* End PBXVariantGroup section */

/* Begin XCBuildConfiguration section */
		574CDC401A21560500EEB5C2 /* Debug */ = {
			isa = XCBuildConfiguration;
			buildSettings = {
				ALWAYS_SEARCH_USER_PATHS = NO;
				CLANG_CXX_LANGUAGE_STANDARD = "gnu++0x";
				CLANG_CXX_LIBRARY = "libc++";
				CLANG_ENABLE_MODULES = YES;
				CLANG_ENABLE_OBJC_ARC = YES;
				CLANG_WARN_BOOL_CONVERSION = YES;
				CLANG_WARN_CONSTANT_CONVERSION = YES;
				CLANG_WARN_DIRECT_OBJC_ISA_USAGE = YES_ERROR;
				CLANG_WARN_EMPTY_BODY = YES;
				CLANG_WARN_ENUM_CONVERSION = YES;
				CLANG_WARN_INT_CONVERSION = YES;
				CLANG_WARN_OBJC_ROOT_CLASS = YES_ERROR;
				CLANG_WARN_UNREACHABLE_CODE = YES;
				CLANG_WARN__DUPLICATE_METHOD_MATCH = YES;
				"CODE_SIGN_IDENTITY[sdk=iphoneos*]" = "iPhone Developer";
				COPY_PHASE_STRIP = NO;
				ENABLE_STRICT_OBJC_MSGSEND = YES;
				GCC_C_LANGUAGE_STANDARD = gnu99;
				GCC_DYNAMIC_NO_PIC = NO;
				GCC_OPTIMIZATION_LEVEL = 0;
				GCC_PREPROCESSOR_DEFINITIONS = (
					"DEBUG=1",
					"$(inherited)",
				);
				GCC_SYMBOLS_PRIVATE_EXTERN = NO;
				GCC_WARN_64_TO_32_BIT_CONVERSION = YES;
				GCC_WARN_ABOUT_RETURN_TYPE = YES_ERROR;
				GCC_WARN_UNDECLARED_SELECTOR = YES;
				GCC_WARN_UNINITIALIZED_AUTOS = YES_AGGRESSIVE;
				GCC_WARN_UNUSED_FUNCTION = YES;
				GCC_WARN_UNUSED_VARIABLE = YES;
				IPHONEOS_DEPLOYMENT_TARGET = 8.1;
				MTL_ENABLE_DEBUG_INFO = YES;
				ONLY_ACTIVE_ARCH = YES;
				SDKROOT = iphoneos;
				SWIFT_OPTIMIZATION_LEVEL = "-Onone";
				TARGETED_DEVICE_FAMILY = "1,2";
			};
			name = Debug;
		};
		574CDC411A21560500EEB5C2 /* Release */ = {
			isa = XCBuildConfiguration;
			buildSettings = {
				ALWAYS_SEARCH_USER_PATHS = NO;
				CLANG_CXX_LANGUAGE_STANDARD = "gnu++0x";
				CLANG_CXX_LIBRARY = "libc++";
				CLANG_ENABLE_MODULES = YES;
				CLANG_ENABLE_OBJC_ARC = YES;
				CLANG_WARN_BOOL_CONVERSION = YES;
				CLANG_WARN_CONSTANT_CONVERSION = YES;
				CLANG_WARN_DIRECT_OBJC_ISA_USAGE = YES_ERROR;
				CLANG_WARN_EMPTY_BODY = YES;
				CLANG_WARN_ENUM_CONVERSION = YES;
				CLANG_WARN_INT_CONVERSION = YES;
				CLANG_WARN_OBJC_ROOT_CLASS = YES_ERROR;
				CLANG_WARN_UNREACHABLE_CODE = YES;
				CLANG_WARN__DUPLICATE_METHOD_MATCH = YES;
				"CODE_SIGN_IDENTITY[sdk=iphoneos*]" = "iPhone Developer";
				COPY_PHASE_STRIP = YES;
				ENABLE_NS_ASSERTIONS = NO;
				ENABLE_STRICT_OBJC_MSGSEND = YES;
				GCC_C_LANGUAGE_STANDARD = gnu99;
				GCC_WARN_64_TO_32_BIT_CONVERSION = YES;
				GCC_WARN_ABOUT_RETURN_TYPE = YES_ERROR;
				GCC_WARN_UNDECLARED_SELECTOR = YES;
				GCC_WARN_UNINITIALIZED_AUTOS = YES_AGGRESSIVE;
				GCC_WARN_UNUSED_FUNCTION = YES;
				GCC_WARN_UNUSED_VARIABLE = YES;
				IPHONEOS_DEPLOYMENT_TARGET = 8.1;
				MTL_ENABLE_DEBUG_INFO = NO;
				SDKROOT = iphoneos;
				TARGETED_DEVICE_FAMILY = "1,2";
				VALIDATE_PRODUCT = YES;
			};
			name = Release;
		};
		574CDC431A21560500EEB5C2 /* Debug */ = {
			isa = XCBuildConfiguration;
			buildSettings = {
				ASSETCATALOG_COMPILER_APPICON_NAME = AppIcon;
				FRAMEWORK_SEARCH_PATHS = (
					"$(inherited)",
					"$(PROJECT_DIR)/Tadaima",
				);
				HEADER_SEARCH_PATHS = (
					"$(inherited)",
					/Applications/Xcode.app/Contents/Developer/Toolchains/XcodeDefault.xctoolchain/usr/include,
					"$(PROJECT_DIR)/Tadaima/Gimbal.framework/Headers",
				);
				INFOPLIST_FILE = Tadaima/Info.plist;
				LD_RUNPATH_SEARCH_PATHS = "$(inherited) @executable_path/Frameworks";
				PRODUCT_NAME = "$(TARGET_NAME)";
				SWIFT_OBJC_BRIDGING_HEADER = "$(PROJECT_DIR)/Tadaima-Bridging-Header.h";
			};
			name = Debug;
		};
		574CDC441A21560500EEB5C2 /* Release */ = {
			isa = XCBuildConfiguration;
			buildSettings = {
				ASSETCATALOG_COMPILER_APPICON_NAME = AppIcon;
				FRAMEWORK_SEARCH_PATHS = (
					"$(inherited)",
					"$(PROJECT_DIR)/Tadaima",
				);
				HEADER_SEARCH_PATHS = (
					"$(inherited)",
					/Applications/Xcode.app/Contents/Developer/Toolchains/XcodeDefault.xctoolchain/usr/include,
					"$(PROJECT_DIR)/Tadaima/Gimbal.framework/Headers",
				);
				INFOPLIST_FILE = Tadaima/Info.plist;
				LD_RUNPATH_SEARCH_PATHS = "$(inherited) @executable_path/Frameworks";
				PRODUCT_NAME = "$(TARGET_NAME)";
				SWIFT_OBJC_BRIDGING_HEADER = "$(PROJECT_DIR)/Tadaima-Bridging-Header.h";
			};
			name = Release;
		};
		574CDC461A21560500EEB5C2 /* Debug */ = {
			isa = XCBuildConfiguration;
			buildSettings = {
				BUNDLE_LOADER = "$(TEST_HOST)";
				FRAMEWORK_SEARCH_PATHS = (
					"$(SDKROOT)/Developer/Library/Frameworks",
					"$(inherited)",
				);
				GCC_PREPROCESSOR_DEFINITIONS = (
					"DEBUG=1",
					"$(inherited)",
				);
				INFOPLIST_FILE = TadaimaTests/Info.plist;
				LD_RUNPATH_SEARCH_PATHS = "$(inherited) @executable_path/Frameworks @loader_path/Frameworks";
				PRODUCT_NAME = "$(TARGET_NAME)";
				TEST_HOST = "$(BUILT_PRODUCTS_DIR)/Tadaima.app/Tadaima";
			};
			name = Debug;
		};
		574CDC471A21560500EEB5C2 /* Release */ = {
			isa = XCBuildConfiguration;
			buildSettings = {
				BUNDLE_LOADER = "$(TEST_HOST)";
				FRAMEWORK_SEARCH_PATHS = (
					"$(SDKROOT)/Developer/Library/Frameworks",
					"$(inherited)",
				);
				INFOPLIST_FILE = TadaimaTests/Info.plist;
				LD_RUNPATH_SEARCH_PATHS = "$(inherited) @executable_path/Frameworks @loader_path/Frameworks";
				PRODUCT_NAME = "$(TARGET_NAME)";
				TEST_HOST = "$(BUILT_PRODUCTS_DIR)/Tadaima.app/Tadaima";
			};
			name = Release;
		};
/* End XCBuildConfiguration section */

/* Begin XCConfigurationList section */
		574CDC1C1A21560500EEB5C2 /* Build configuration list for PBXProject "Tadaima" */ = {
			isa = XCConfigurationList;
			buildConfigurations = (
				574CDC401A21560500EEB5C2 /* Debug */,
				574CDC411A21560500EEB5C2 /* Release */,
			);
			defaultConfigurationIsVisible = 0;
			defaultConfigurationName = Release;
		};
		574CDC421A21560500EEB5C2 /* Build configuration list for PBXNativeTarget "Tadaima" */ = {
			isa = XCConfigurationList;
			buildConfigurations = (
				574CDC431A21560500EEB5C2 /* Debug */,
				574CDC441A21560500EEB5C2 /* Release */,
			);
			defaultConfigurationIsVisible = 0;
			defaultConfigurationName = Release;
		};
		574CDC451A21560500EEB5C2 /* Build configuration list for PBXNativeTarget "TadaimaTests" */ = {
			isa = XCConfigurationList;
			buildConfigurations = (
				574CDC461A21560500EEB5C2 /* Debug */,
				574CDC471A21560500EEB5C2 /* Release */,
			);
			defaultConfigurationIsVisible = 0;
			defaultConfigurationName = Release;
		};
/* End XCConfigurationList section */
	};
	rootObject = 574CDC191A21560500EEB5C2 /* Project object */;
}
